
Microsoft Visual Studio Solution File, Format Version 12.00
# Visual Studio 15
VisualStudioVersion = 15.0.26124.0
MinimumVisualStudioVersion = 15.0.26124.0
Project("{FAE04EC0-301F-11D3-BF4B-00C04F79EFBC}") = "gql.api", "gql.api\gql.api.csproj", "{7E3CA4CE-F25D-4456-947B-3715EAD59F54}"
EndProject
Project("{FAE04EC0-301F-11D3-BF4B-00C04F79EFBC}") = "gql.core", "gql.core\gql.core.csproj", "{5F214735-D01E-43BD-BBE1-5D154A6CA862}"
EndProject
Project("{FAE04EC0-301F-11D3-BF4B-00C04F79EFBC}") = "gql.data", "gql.data\gql.data.csproj", "{B31637C5-0A30-44F2-9837-444CA4723547}"
EndProject
Global
	GlobalSection(SolutionConfigurationPlatforms) = preSolution
		Debug|Any CPU = Debug|Any CPU
		Debug|x64 = Debug|x64
		Debug|x86 = Debug|x86
		Release|Any CPU = Release|Any CPU
		Release|x64 = Release|x64
		Release|x86 = Release|x86
	EndGlobalSection
	GlobalSection(SolutionProperties) = preSolution
		HideSolutionNode = FALSE
	EndGlobalSection
	GlobalSection(ProjectConfigurationPlatforms) = postSolution
		{7E3CA4CE-F25D-4456-947B-3715EAD59F54}.Debug|Any CPU.ActiveCfg = Debug|Any CPU
		{7E3CA4CE-F25D-4456-947B-3715EAD59F54}.Debug|Any CPU.Build.0 = Debug|Any CPU
		{7E3CA4CE-F25D-4456-947B-3715EAD59F54}.Debug|x64.ActiveCfg = Debug|Any CPU
		{7E3CA4CE-F25D-4456-947B-3715EAD59F54}.Debug|x64.Build.0 = Debug|Any CPU
		{7E3CA4CE-F25D-4456-947B-3715EAD59F54}.Debug|x86.ActiveCfg = Debug|Any CPU
		{7E3CA4CE-F25D-4456-947B-3715EAD59F54}.Debug|x86.Build.0 = Debug|Any CPU
		{7E3CA4CE-F25D-4456-947B-3715EAD59F54}.Release|Any CPU.ActiveCfg = Release|Any CPU
		{7E3CA4CE-F25D-4456-947B-3715EAD59F54}.Release|Any CPU.Build.0 = Release|Any CPU
		{7E3CA4CE-F25D-4456-947B-3715EAD59F54}.Release|x64.ActiveCfg = Release|Any CPU
		{7E3CA4CE-F25D-4456-947B-3715EAD59F54}.Release|x64.Build.0 = Release|Any CPU
		{7E3CA4CE-F25D-4456-947B-3715EAD59F54}.Release|x86.ActiveCfg = Release|Any CPU
		{7E3CA4CE-F25D-4456-947B-3715EAD59F54}.Release|x86.Build.0 = Release|Any CPU
		{5F214735-D01E-43BD-BBE1-5D154A6CA862}.Debug|Any CPU.ActiveCfg = Debug|Any CPU
		{5F214735-D01E-43BD-BBE1-5D154A6CA862}.Debug|Any CPU.Build.0 = Debug|Any CPU
		{5F214735-D01E-43BD-BBE1-5D154A6CA862}.Debug|x64.ActiveCfg = Debug|Any CPU
		{5F214735-D01E-43BD-BBE1-5D154A6CA862}.Debug|x64.Build.0 = Debug|Any CPU
		{5F214735-D01E-43BD-BBE1-5D154A6CA862}.Debug|x86.ActiveCfg = Debug|Any CPU
		{5F214735-D01E-43BD-BBE1-5D154A6CA862}.Debug|x86.Build.0 = Debug|Any CPU
		{5F214735-D01E-43BD-BBE1-5D154A6CA862}.Release|Any CPU.ActiveCfg = Release|Any CPU
		{5F214735-D01E-43BD-BBE1-5D154A6CA862}.Release|Any CPU.Build.0 = Release|Any CPU
		{5F214735-D01E-43BD-BBE1-5D154A6CA862}.Release|x64.ActiveCfg = Release|Any CPU
		{5F214735-D01E-43BD-BBE1-5D154A6CA862}.Release|x64.Build.0 = Release|Any CPU
		{5F214735-D01E-43BD-BBE1-5D154A6CA862}.Release|x86.ActiveCfg = Release|Any CPU
		{5F214735-D01E-43BD-BBE1-5D154A6CA862}.Release|x86.Build.0 = Release|Any CPU
		{B31637C5-0A30-44F2-9837-444CA4723547}.Debug|Any CPU.ActiveCfg = Debug|Any CPU
		{B31637C5-0A30-44F2-9837-444CA4723547}.Debug|Any CPU.Build.0 = Debug|Any CPU
		{B31637C5-0A30-44F2-9837-444CA4723547}.Debug|x64.ActiveCfg = Debug|Any CPU
		{B31637C5-0A30-44F2-9837-444CA4723547}.Debug|x64.Build.0 = Debug|Any CPU
		{B31637C5-0A30-44F2-9837-444CA4723547}.Debug|x86.ActiveCfg = Debug|Any CPU
		{B31637C5-0A30-44F2-9837-444CA4723547}.Debug|x86.Build.0 = Debug|Any CPU
		{B31637C5-0A30-44F2-9837-444CA4723547}.Release|Any CPU.ActiveCfg = Release|Any CPU
		{B31637C5-0A30-44F2-9837-444CA4723547}.Release|Any CPU.Build.0 = Release|Any CPU
		{B31637C5-0A30-44F2-9837-444CA4723547}.Release|x64.ActiveCfg = Release|Any CPU
		{B31637C5-0A30-44F2-9837-444CA4723547}.Release|x64.Build.0 = Release|Any CPU
		{B31637C5-0A30-44F2-9837-444CA4723547}.Release|x86.ActiveCfg = Release|Any CPU
		{B31637C5-0A30-44F2-9837-444CA4723547}.Release|x86.Build.0 = Release|Any CPU
	EndGlobalSection
EndGlobal
